// !$*UTF8*$!
{
	archiveVersion = 1;
	classes = {
	};
	objectVersion = 56;
	objects = {

/* Begin PBXBuildFile section */
		68EF5F1129F0211D00439C12 /* SwiftUIMemoApp.swift in Sources */ = {isa = PBXBuildFile; fileRef = 68EF5F1029F0211D00439C12 /* SwiftUIMemoApp.swift */; };
		68EF5F1329F0211D00439C12 /* Persistence.swift in Sources */ = {isa = PBXBuildFile; fileRef = 68EF5F1229F0211D00439C12 /* Persistence.swift */; };
		68EF5F1629F0211D00439C12 /* SwiftUIMemo.xcdatamodeld in Sources */ = {isa = PBXBuildFile; fileRef = 68EF5F1429F0211D00439C12 /* SwiftUIMemo.xcdatamodeld */; };
		68EF5F1A29F0211F00439C12 /* Assets.xcassets in Resources */ = {isa = PBXBuildFile; fileRef = 68EF5F1929F0211F00439C12 /* Assets.xcassets */; };
		68EF5F1E29F0211F00439C12 /* Preview Assets.xcassets in Resources */ = {isa = PBXBuildFile; fileRef = 68EF5F1D29F0211F00439C12 /* Preview Assets.xcassets */; };
		68EF5F2529F021A600439C12 /* MainListView.swift in Sources */ = {isa = PBXBuildFile; fileRef = 68EF5F2429F021A600439C12 /* MainListView.swift */; };
		68EF5F2929F0261E00439C12 /* Memo.swift in Sources */ = {isa = PBXBuildFile; fileRef = 68EF5F2829F0261E00439C12 /* Memo.swift */; };
		68EF5F2B29F0286D00439C12 /* MemoStore.swift in Sources */ = {isa = PBXBuildFile; fileRef = 68EF5F2A29F0286D00439C12 /* MemoStore.swift */; };
		68EF5F2F29F0388A00439C12 /* MemoCell.swift in Sources */ = {isa = PBXBuildFile; fileRef = 68EF5F2E29F0388A00439C12 /* MemoCell.swift */; };
		68EF5F3129F03BB700439C12 /* ComposeView.swift in Sources */ = {isa = PBXBuildFile; fileRef = 68EF5F3029F03BB700439C12 /* ComposeView.swift */; };
/* End PBXBuildFile section */

/* Begin PBXFileReference section */
		68EF5F0D29F0211D00439C12 /* SwiftUIMemo.app */ = {isa = PBXFileReference; explicitFileType = wrapper.application; includeInIndex = 0; path = SwiftUIMemo.app; sourceTree = BUILT_PRODUCTS_DIR; };
		68EF5F1029F0211D00439C12 /* SwiftUIMemoApp.swift */ = {isa = PBXFileReference; lastKnownFileType = sourcecode.swift; path = SwiftUIMemoApp.swift; sourceTree = "<group>"; };
		68EF5F1229F0211D00439C12 /* Persistence.swift */ = {isa = PBXFileReference; lastKnownFileType = sourcecode.swift; path = Persistence.swift; sourceTree = "<group>"; };
		68EF5F1529F0211D00439C12 /* SwiftUIMemo.xcdatamodel */ = {isa = PBXFileReference; lastKnownFileType = wrapper.xcdatamodel; path = SwiftUIMemo.xcdatamodel; sourceTree = "<group>"; };
		68EF5F1929F0211F00439C12 /* Assets.xcassets */ = {isa = PBXFileReference; lastKnownFileType = folder.assetcatalog; path = Assets.xcassets; sourceTree = "<group>"; };
		68EF5F1B29F0211F00439C12 /* SwiftUIMemo.entitlements */ = {isa = PBXFileReference; lastKnownFileType = text.plist.entitlements; path = SwiftUIMemo.entitlements; sourceTree = "<group>"; };
		68EF5F1D29F0211F00439C12 /* Preview Assets.xcassets */ = {isa = PBXFileReference; lastKnownFileType = folder.assetcatalog; path = "Preview Assets.xcassets"; sourceTree = "<group>"; };
		68EF5F2429F021A600439C12 /* MainListView.swift */ = {isa = PBXFileReference; lastKnownFileType = sourcecode.swift; path = MainListView.swift; sourceTree = "<group>"; };
		68EF5F2829F0261E00439C12 /* Memo.swift */ = {isa = PBXFileReference; lastKnownFileType = sourcecode.swift; path = Memo.swift; sourceTree = "<group>"; };
		68EF5F2A29F0286D00439C12 /* MemoStore.swift */ = {isa = PBXFileReference; lastKnownFileType = sourcecode.swift; path = MemoStore.swift; sourceTree = "<group>"; };
		68EF5F2E29F0388A00439C12 /* MemoCell.swift */ = {isa = PBXFileReference; lastKnownFileType = sourcecode.swift; path = MemoCell.swift; sourceTree = "<group>"; };
		68EF5F3029F03BB700439C12 /* ComposeView.swift */ = {isa = PBXFileReference; lastKnownFileType = sourcecode.swift; path = ComposeView.swift; sourceTree = "<group>"; };
/* End PBXFileReference section */

/* Begin PBXFrameworksBuildPhase section */
		68EF5F0A29F0211D00439C12 /* Frameworks */ = {
			isa = PBXFrameworksBuildPhase;
			buildActionMask = 2147483647;
			files = (
			);
			runOnlyForDeploymentPostprocessing = 0;
		};
/* End PBXFrameworksBuildPhase section */

/* Begin PBXGroup section */
		68EF5F0429F0211D00439C12 = {
			isa = PBXGroup;
			children = (
				68EF5F0F29F0211D00439C12 /* SwiftUIMemo */,
				68EF5F0E29F0211D00439C12 /* Products */,
			);
			sourceTree = "<group>";
		};
		68EF5F0E29F0211D00439C12 /* Products */ = {
			isa = PBXGroup;
			children = (
				68EF5F0D29F0211D00439C12 /* SwiftUIMemo.app */,
			);
			name = Products;
			sourceTree = "<group>";
		};
		68EF5F0F29F0211D00439C12 /* SwiftUIMemo */ = {
			isa = PBXGroup;
			children = (
				68EF5F2D29F0386800439C12 /* View */,
				68EF5F2729F021E900439C12 /* Memory */,
				68EF5F2629F021D500439C12 /* CoreData */,
				68EF5F1029F0211D00439C12 /* SwiftUIMemoApp.swift */,
				68EF5F1929F0211F00439C12 /* Assets.xcassets */,
				68EF5F1B29F0211F00439C12 /* SwiftUIMemo.entitlements */,
				68EF5F1C29F0211F00439C12 /* Preview Content */,
			);
			path = SwiftUIMemo;
			sourceTree = "<group>";
		};
		68EF5F1C29F0211F00439C12 /* Preview Content */ = {
			isa = PBXGroup;
			children = (
				68EF5F1D29F0211F00439C12 /* Preview Assets.xcassets */,
			);
			path = "Preview Content";
			sourceTree = "<group>";
		};
		68EF5F2629F021D500439C12 /* CoreData */ = {
			isa = PBXGroup;
			children = (
				68EF5F1229F0211D00439C12 /* Persistence.swift */,
				68EF5F1429F0211D00439C12 /* SwiftUIMemo.xcdatamodeld */,
			);
			path = CoreData;
			sourceTree = "<group>";
		};
		68EF5F2729F021E900439C12 /* Memory */ = {
			isa = PBXGroup;
			children = (
				68EF5F2829F0261E00439C12 /* Memo.swift */,
				68EF5F2A29F0286D00439C12 /* MemoStore.swift */,
			);
			path = Memory;
			sourceTree = "<group>";
		};
		68EF5F2D29F0386800439C12 /* View */ = {
			isa = PBXGroup;
			children = (
				68EF5F2E29F0388A00439C12 /* MemoCell.swift */,
				68EF5F2429F021A600439C12 /* MainListView.swift */,
				68EF5F3029F03BB700439C12 /* ComposeView.swift */,
			);
			path = View;
			sourceTree = "<group>";
		};
/* End PBXGroup section */

/* Begin PBXNativeTarget section */
		68EF5F0C29F0211D00439C12 /* SwiftUIMemo */ = {
			isa = PBXNativeTarget;
			buildConfigurationList = 68EF5F2129F0211F00439C12 /* Build configuration list for PBXNativeTarget "SwiftUIMemo" */;
			buildPhases = (
				68EF5F0929F0211D00439C12 /* Sources */,
				68EF5F0A29F0211D00439C12 /* Frameworks */,
				68EF5F0B29F0211D00439C12 /* Resources */,
			);
			buildRules = (
			);
			dependencies = (
			);
			name = SwiftUIMemo;
			productName = SwiftUIMemo;
			productReference = 68EF5F0D29F0211D00439C12 /* SwiftUIMemo.app */;
			productType = "com.apple.product-type.application";
		};
/* End PBXNativeTarget section */

/* Begin PBXProject section */
		68EF5F0529F0211D00439C12 /* Project object */ = {
			isa = PBXProject;
			attributes = {
				BuildIndependentTargetsInParallel = 1;
				LastSwiftUpdateCheck = 1420;
				LastUpgradeCheck = 1420;
				TargetAttributes = {
					68EF5F0C29F0211D00439C12 = {
						CreatedOnToolsVersion = 14.2;
					};
				};
			};
			buildConfigurationList = 68EF5F0829F0211D00439C12 /* Build configuration list for PBXProject "SwiftUIMemo" */;
			compatibilityVersion = "Xcode 14.0";
			developmentRegion = en;
			hasScannedForEncodings = 0;
			knownRegions = (
				en,
				Base,
			);
			mainGroup = 68EF5F0429F0211D00439C12;
			productRefGroup = 68EF5F0E29F0211D00439C12 /* Products */;
			projectDirPath = "";
			projectRoot = "";
			targets = (
				68EF5F0C29F0211D00439C12 /* SwiftUIMemo */,
			);
		};
/* End PBXProject section */

/* Begin PBXResourcesBuildPhase section */
		68EF5F0B29F0211D00439C12 /* Resources */ = {
			isa = PBXResourcesBuildPhase;
			buildActionMask = 2147483647;
			files = (
				68EF5F1E29F0211F00439C12 /* Preview Assets.xcassets in Resources */,
				68EF5F1A29F0211F00439C12 /* Assets.xcassets in Resources */,
			);
			runOnlyForDeploymentPostprocessing = 0;
		};
/* End PBXResourcesBuildPhase section */

/* Begin PBXSourcesBuildPhase section */
		68EF5F0929F0211D00439C12 /* Sources */ = {
			isa = PBXSourcesBuildPhase;
			buildActionMask = 2147483647;
			files = (
				68EF5F2F29F0388A00439C12 /* MemoCell.swift in Sources */,
				68EF5F1629F0211D00439C12 /* SwiftUIMemo.xcdatamodeld in Sources */,
				68EF5F2B29F0286D00439C12 /* MemoStore.swift in Sources */,
				68EF5F2529F021A600439C12 /* MainListView.swift in Sources */,
				68EF5F1129F0211D00439C12 /* SwiftUIMemoApp.swift in Sources */,
				68EF5F3129F03BB700439C12 /* ComposeView.swift in Sources */,
				68EF5F1329F0211D00439C12 /* Persistence.swift in Sources */,
				68EF5F2929F0261E00439C12 /* Memo.swift in Sources */,
			);
			runOnlyForDeploymentPostprocessing = 0;
		};
/* End PBXSourcesBuildPhase section */

/* Begin XCBuildConfiguration section */
		68EF5F1F29F0211F00439C12 /* Debug */ = {
			isa = XCBuildConfiguration;
			buildSettings = {
				ALWAYS_SEARCH_USER_PATHS = NO;
				CLANG_ANALYZER_NONNULL = YES;
				CLANG_ANALYZER_NUMBER_OBJECT_CONVERSION = YES_AGGRESSIVE;
				CLANG_CXX_LANGUAGE_STANDARD = "gnu++20";
				CLANG_ENABLE_MODULES = YES;
				CLANG_ENABLE_OBJC_ARC = YES;
				CLANG_ENABLE_OBJC_WEAK = YES;
				CLANG_WARN_BLOCK_CAPTURE_AUTORELEASING = YES;
				CLANG_WARN_BOOL_CONVERSION = YES;
				CLANG_WARN_COMMA = YES;
				CLANG_WARN_CONSTANT_CONVERSION = YES;
				CLANG_WARN_DEPRECATED_OBJC_IMPLEMENTATIONS = YES;
				CLANG_WARN_DIRECT_OBJC_ISA_USAGE = YES_ERROR;
				CLANG_WARN_DOCUMENTATION_COMMENTS = YES;
				CLANG_WARN_EMPTY_BODY = YES;
				CLANG_WARN_ENUM_CONVERSION = YES;
				CLANG_WARN_INFINITE_RECURSION = YES;
				CLANG_WARN_INT_CONVERSION = YES;
				CLANG_WARN_NON_LITERAL_NULL_CONVERSION = YES;
				CLANG_WARN_OBJC_IMPLICIT_RETAIN_SELF = YES;
				CLANG_WARN_OBJC_LITERAL_CONVERSION = YES;
				CLANG_WARN_OBJC_ROOT_CLASS = YES_ERROR;
				CLANG_WARN_QUOTED_INCLUDE_IN_FRAMEWORK_HEADER = YES;
				CLANG_WARN_RANGE_LOOP_ANALYSIS = YES;
				CLANG_WARN_STRICT_PROTOTYPES = YES;
				CLANG_WARN_SUSPICIOUS_MOVE = YES;
				CLANG_WARN_UNGUARDED_AVAILABILITY = YES_AGGRESSIVE;
				CLANG_WARN_UNREACHABLE_CODE = YES;
				CLANG_WARN__DUPLICATE_METHOD_MATCH = YES;
				COPY_PHASE_STRIP = NO;
				DEBUG_INFORMATION_FORMAT = dwarf;
				ENABLE_STRICT_OBJC_MSGSEND = YES;
				ENABLE_TESTABILITY = YES;
				GCC_C_LANGUAGE_STANDARD = gnu11;
				GCC_DYNAMIC_NO_PIC = NO;
				GCC_NO_COMMON_BLOCKS = YES;
				GCC_OPTIMIZATION_LEVEL = 0;
				GCC_PREPROCESSOR_DEFINITIONS = (
					"DEBUG=1",
					"$(inherited)",
				);
				GCC_WARN_64_TO_32_BIT_CONVERSION = YES;
				GCC_WARN_ABOUT_RETURN_TYPE = YES_ERROR;
				GCC_WARN_UNDECLARED_SELECTOR = YES;
				GCC_WARN_UNINITIALIZED_AUTOS = YES_AGGRESSIVE;
				GCC_WARN_UNUSED_FUNCTION = YES;
				GCC_WARN_UNUSED_VARIABLE = YES;
				MTL_ENABLE_DEBUG_INFO = INCLUDE_SOURCE;
				MTL_FAST_MATH = YES;
				ONLY_ACTIVE_ARCH = YES;
				SWIFT_ACTIVE_COMPILATION_CONDITIONS = DEBUG;
				SWIFT_OPTIMIZATION_LEVEL = "-Onone";
			};
			name = Debug;
		};
		68EF5F2029F0211F00439C12 /* Release */ = {
			isa = XCBuildConfiguration;
			buildSettings = {
				ALWAYS_SEARCH_USER_PATHS = NO;
				CLANG_ANALYZER_NONNULL = YES;
				CLANG_ANALYZER_NUMBER_OBJECT_CONVERSION = YES_AGGRESSIVE;
				CLANG_CXX_LANGUAGE_STANDARD = "gnu++20";
				CLANG_ENABLE_MODULES = YES;
				CLANG_ENABLE_OBJC_ARC = YES;
				CLANG_ENABLE_OBJC_WEAK = YES;
				CLANG_WARN_BLOCK_CAPTURE_AUTORELEASING = YES;
				CLANG_WARN_BOOL_CONVERSION = YES;
				CLANG_WARN_COMMA = YES;
				CLANG_WARN_CONSTANT_CONVERSION = YES;
				CLANG_WARN_DEPRECATED_OBJC_IMPLEMENTATIONS = YES;
				CLANG_WARN_DIRECT_OBJC_ISA_USAGE = YES_ERROR;
				CLANG_WARN_DOCUMENTATION_COMMENTS = YES;
				CLANG_WARN_EMPTY_BODY = YES;
				CLANG_WARN_ENUM_CONVERSION = YES;
				CLANG_WARN_INFINITE_RECURSION = YES;
				CLANG_WARN_INT_CONVERSION = YES;
				CLANG_WARN_NON_LITERAL_NULL_CONVERSION = YES;
				CLANG_WARN_OBJC_IMPLICIT_RETAIN_SELF = YES;
				CLANG_WARN_OBJC_LITERAL_CONVERSION = YES;
				CLANG_WARN_OBJC_ROOT_CLASS = YES_ERROR;
				CLANG_WARN_QUOTED_INCLUDE_IN_FRAMEWORK_HEADER = YES;
				CLANG_WARN_RANGE_LOOP_ANALYSIS = YES;
				CLANG_WARN_STRICT_PROTOTYPES = YES;
				CLANG_WARN_SUSPICIOUS_MOVE = YES;
				CLANG_WARN_UNGUARDED_AVAILABILITY = YES_AGGRESSIVE;
				CLANG_WARN_UNREACHABLE_CODE = YES;
				CLANG_WARN__DUPLICATE_METHOD_MATCH = YES;
				COPY_PHASE_STRIP = NO;
				DEBUG_INFORMATION_FORMAT = "dwarf-with-dsym";
				ENABLE_NS_ASSERTIONS = NO;
				ENABLE_STRICT_OBJC_MSGSEND = YES;
				GCC_C_LANGUAGE_STANDARD = gnu11;
				GCC_NO_COMMON_BLOCKS = YES;
				GCC_WARN_64_TO_32_BIT_CONVERSION = YES;
				GCC_WARN_ABOUT_RETURN_TYPE = YES_ERROR;
				GCC_WARN_UNDECLARED_SELECTOR = YES;
				GCC_WARN_UNINITIALIZED_AUTOS = YES_AGGRESSIVE;
				GCC_WARN_UNUSED_FUNCTION = YES;
				GCC_WARN_UNUSED_VARIABLE = YES;
				MTL_ENABLE_DEBUG_INFO = NO;
				MTL_FAST_MATH = YES;
				SWIFT_COMPILATION_MODE = wholemodule;
				SWIFT_OPTIMIZATION_LEVEL = "-O";
			};
			name = Release;
		};
		68EF5F2229F0211F00439C12 /* Debug */ = {
			isa = XCBuildConfiguration;
			buildSettings = {
				ASSETCATALOG_COMPILER_APPICON_NAME = AppIcon;
				ASSETCATALOG_COMPILER_GLOBAL_ACCENT_COLOR_NAME = AccentColor;
				CODE_SIGN_ENTITLEMENTS = SwiftUIMemo/SwiftUIMemo.entitlements;
				CODE_SIGN_STYLE = Automatic;
				CURRENT_PROJECT_VERSION = 1;
				DEVELOPMENT_ASSET_PATHS = "\"SwiftUIMemo/Preview Content\"";
				ENABLE_PREVIEWS = YES;
				GENERATE_INFOPLIST_FILE = YES;
				"INFOPLIST_KEY_UIApplicationSceneManifest_Generation[sdk=iphoneos*]" = YES;
				"INFOPLIST_KEY_UIApplicationSceneManifest_Generation[sdk=iphonesimulator*]" = YES;
				"INFOPLIST_KEY_UIApplicationSupportsIndirectInputEvents[sdk=iphoneos*]" = YES;
				"INFOPLIST_KEY_UIApplicationSupportsIndirectInputEvents[sdk=iphonesimulator*]" = YES;
				"INFOPLIST_KEY_UILaunchScreen_Generation[sdk=iphoneos*]" = YES;
				"INFOPLIST_KEY_UILaunchScreen_Generation[sdk=iphonesimulator*]" = YES;
				"INFOPLIST_KEY_UIStatusBarStyle[sdk=iphoneos*]" = UIStatusBarStyleDefault;
				"INFOPLIST_KEY_UIStatusBarStyle[sdk=iphonesimulator*]" = UIStatusBarStyleDefault;
				INFOPLIST_KEY_UISupportedInterfaceOrientations_iPad = "UIInterfaceOrientationPortrait UIInterfaceOrientationPortraitUpsideDown UIInterfaceOrientationLandscapeLeft UIInterfaceOrientationLandscapeRight";
				INFOPLIST_KEY_UISupportedInterfaceOrientations_iPhone = "UIInterfaceOrientationPortrait UIInterfaceOrientationLandscapeLeft UIInterfaceOrientationLandscapeRight";
				IPHONEOS_DEPLOYMENT_TARGET = 16.2;
				LD_RUNPATH_SEARCH_PATHS = "@executable_path/Frameworks";
				"LD_RUNPATH_SEARCH_PATHS[sdk=macosx*]" = "@executable_path/../Frameworks";
				MACOSX_DEPLOYMENT_TARGET = 12.5;
				MARKETING_VERSION = 1.0;
				PRODUCT_BUNDLE_IDENTIFIER = kr.ac.induk.cjs.SwiftUIMemo;
				PRODUCT_NAME = "$(TARGET_NAME)";
				SDKROOT = auto;
				SUPPORTED_PLATFORMS = "iphoneos iphonesimulator macosx";
				SWIFT_EMIT_LOC_STRINGS = YES;
				SWIFT_VERSION = 5.0;
				TARGETED_DEVICE_FAMILY = "1,2";
			};
			name = Debug;
		};
		68EF5F2329F0211F00439C12 /* Release */ = {
			isa = XCBuildConfiguration;
			buildSettings = {
				ASSETCATALOG_COMPILER_APPICON_NAME = AppIcon;
				ASSETCATALOG_COMPILER_GLOBAL_ACCENT_COLOR_NAME = AccentColor;
				CODE_SIGN_ENTITLEMENTS = SwiftUIMemo/SwiftUIMemo.entitlements;
				CODE_SIGN_STYLE = Automatic;
				CURRENT_PROJECT_VERSION = 1;
				DEVELOPMENT_ASSET_PATHS = "\"SwiftUIMemo/Preview Content\"";
				ENABLE_PREVIEWS = YES;
				GENERATE_INFOPLIST_FILE = YES;
				"INFOPLIST_KEY_UIApplicationSceneManifest_Generation[sdk=iphoneos*]" = YES;
				"INFOPLIST_KEY_UIApplicationSceneManifest_Generation[sdk=iphonesimulator*]" = YES;
				"INFOPLIST_KEY_UIApplicationSupportsIndirectInputEvents[sdk=iphoneos*]" = YES;
				"INFOPLIST_KEY_UIApplicationSupportsIndirectInputEvents[sdk=iphonesimulator*]" = YES;
				"INFOPLIST_KEY_UILaunchScreen_Generation[sdk=iphoneos*]" = YES;
				"INFOPLIST_KEY_UILaunchScreen_Generation[sdk=iphonesimulator*]" = YES;
				"INFOPLIST_KEY_UIStatusBarStyle[sdk=iphoneos*]" = UIStatusBarStyleDefault;
				"INFOPLIST_KEY_UIStatusBarStyle[sdk=iphonesimulator*]" = UIStatusBarStyleDefault;
				INFOPLIST_KEY_UISupportedInterfaceOrientations_iPad = "UIInterfaceOrientationPortrait UIInterfaceOrientationPortraitUpsideDown UIInterfaceOrientationLandscapeLeft UIInterfaceOrientationLandscapeRight";
				INFOPLIST_KEY_UISupportedInterfaceOrientations_iPhone = "UIInterfaceOrientationPortrait UIInterfaceOrientationLandscapeLeft UIInterfaceOrientationLandscapeRight";
				IPHONEOS_DEPLOYMENT_TARGET = 16.2;
				LD_RUNPATH_SEARCH_PATHS = "@executable_path/Frameworks";
				"LD_RUNPATH_SEARCH_PATHS[sdk=macosx*]" = "@executable_path/../Frameworks";
				MACOSX_DEPLOYMENT_TARGET = 12.5;
				MARKETING_VERSION = 1.0;
				PRODUCT_BUNDLE_IDENTIFIER = kr.ac.induk.cjs.SwiftUIMemo;
				PRODUCT_NAME = "$(TARGET_NAME)";
				SDKROOT = auto;
				SUPPORTED_PLATFORMS = "iphoneos iphonesimulator macosx";
				SWIFT_EMIT_LOC_STRINGS = YES;
				SWIFT_VERSION = 5.0;
				TARGETED_DEVICE_FAMILY = "1,2";
			};
			name = Release;
		};
/* End XCBuildConfiguration section */

/* Begin XCConfigurationList section */
		68EF5F0829F0211D00439C12 /* Build configuration list for PBXProject "SwiftUIMemo" */ = {
			isa = XCConfigurationList;
			buildConfigurations = (
				68EF5F1F29F0211F00439C12 /* Debug */,
				68EF5F2029F0211F00439C12 /* Release */,
			);
			defaultConfigurationIsVisible = 0;
			defaultConfigurationName = Release;
		};
		68EF5F2129F0211F00439C12 /* Build configuration list for PBXNativeTarget "SwiftUIMemo" */ = {
			isa = XCConfigurationList;
			buildConfigurations = (
				68EF5F2229F0211F00439C12 /* Debug */,
				68EF5F2329F0211F00439C12 /* Release */,
			);
			defaultConfigurationIsVisible = 0;
			defaultConfigurationName = Release;
		};
/* End XCConfigurationList section */

/* Begin XCVersionGroup section */
		68EF5F1429F0211D00439C12 /* SwiftUIMemo.xcdatamodeld */ = {
			isa = XCVersionGroup;
			children = (
				68EF5F1529F0211D00439C12 /* SwiftUIMemo.xcdatamodel */,
			);
			currentVersion = 68EF5F1529F0211D00439C12 /* SwiftUIMemo.xcdatamodel */;
			path = SwiftUIMemo.xcdatamodeld;
			sourceTree = "<group>";
			versionGroupType = wrapper.xcdatamodel;
		};
/* End XCVersionGroup section */
	};
	rootObject = 68EF5F0529F0211D00439C12 /* Project object */;
}
